
Microsoft Visual Studio Solution File, Format Version 12.00
# Visual Studio 15
VisualStudioVersion = 15.0.28307.489
MinimumVisualStudioVersion = 10.0.40219.1
Project("{8BC9CEB8-8B4A-11D0-8D11-00A0C91BC942}") = "LAB 4", "LAB 4\LAB 4.vcxproj", "{431022D9-671B-4A03-ADCA-F48A80E83A97}"
EndProject
Project("{8BC9CEB8-8B4A-11D0-8D11-00A0C91BC942}") = "LAB 5 MON", "Project2\Project2.vcxproj", "{3A9F35D4-527A-4201-A161-16C99135B940}"
EndProject
Project("{8BC9CEB8-8B4A-11D0-8D11-00A0C91BC942}") = "LAB 5 KOM", "LAB 5 KOM\LAB 5 KOM.vcxproj", "{842F27BF-0A45-4EBC-B673-9AE9DE17D68D}"
EndProject
Global
	GlobalSection(SolutionConfigurationPlatforms) = preSolution
		Debug|x64 = Debug|x64
		Debug|x86 = Debug|x86
		Release|x64 = Release|x64
		Release|x86 = Release|x86
	EndGlobalSection
	GlobalSection(ProjectConfigurationPlatforms) = postSolution
		{431022D9-671B-4A03-ADCA-F48A80E83A97}.Debug|x64.ActiveCfg = Debug|x64
		{431022D9-671B-4A03-ADCA-F48A80E83A97}.Debug|x64.Build.0 = Debug|x64
		{431022D9-671B-4A03-ADCA-F48A80E83A97}.Debug|x86.ActiveCfg = Debug|Win32
		{431022D9-671B-4A03-ADCA-F48A80E83A97}.Debug|x86.Build.0 = Debug|Win32
		{431022D9-671B-4A03-ADCA-F48A80E83A97}.Release|x64.ActiveCfg = Release|x64
		{431022D9-671B-4A03-ADCA-F48A80E83A97}.Release|x64.Build.0 = Release|x64
		{431022D9-671B-4A03-ADCA-F48A80E83A97}.Release|x86.ActiveCfg = Release|Win32
		{431022D9-671B-4A03-ADCA-F48A80E83A97}.Release|x86.Build.0 = Release|Win32
		{3A9F35D4-527A-4201-A161-16C99135B940}.Debug|x64.ActiveCfg = Debug|x64
		{3A9F35D4-527A-4201-A161-16C99135B940}.Debug|x64.Build.0 = Debug|x64
		{3A9F35D4-527A-4201-A161-16C99135B940}.Debug|x86.ActiveCfg = Debug|Win32
		{3A9F35D4-527A-4201-A161-16C99135B940}.Debug|x86.Build.0 = Debug|Win32
		{3A9F35D4-527A-4201-A161-16C99135B940}.Release|x64.ActiveCfg = Release|x64
		{3A9F35D4-527A-4201-A161-16C99135B940}.Release|x64.Build.0 = Release|x64
		{3A9F35D4-527A-4201-A161-16C99135B940}.Release|x86.ActiveCfg = Release|Win32
		{3A9F35D4-527A-4201-A161-16C99135B940}.Release|x86.Build.0 = Release|Win32
		{842F27BF-0A45-4EBC-B673-9AE9DE17D68D}.Debug|x64.ActiveCfg = Debug|x64
		{842F27BF-0A45-4EBC-B673-9AE9DE17D68D}.Debug|x64.Build.0 = Debug|x64
		{842F27BF-0A45-4EBC-B673-9AE9DE17D68D}.Debug|x86.ActiveCfg = Debug|Win32
		{842F27BF-0A45-4EBC-B673-9AE9DE17D68D}.Debug|x86.Build.0 = Debug|Win32
		{842F27BF-0A45-4EBC-B673-9AE9DE17D68D}.Release|x64.ActiveCfg = Release|x64
		{842F27BF-0A45-4EBC-B673-9AE9DE17D68D}.Release|x64.Build.0 = Release|x64
		{842F27BF-0A45-4EBC-B673-9AE9DE17D68D}.Release|x86.ActiveCfg = Release|Win32
		{842F27BF-0A45-4EBC-B673-9AE9DE17D68D}.Release|x86.Build.0 = Release|Win32
	EndGlobalSection
	GlobalSection(SolutionProperties) = preSolution
		HideSolutionNode = FALSE
	EndGlobalSection
	GlobalSection(ExtensibilityGlobals) = postSolution
		SolutionGuid = {8BB56955-BC65-41BB-B0BE-09C74C99CEBD}
	EndGlobalSection
EndGlobal
